// !$*UTF8*$!
{
	archiveVersion = 1;
	classes = {
	};
	objectVersion = 46;
	objects = {

/* Begin PBXBuildFile section */
		C4B99B381A885F77008500B9 /* main.cpp in Sources */ = {isa = PBXBuildFile; fileRef = C4B99B371A885F77008500B9 /* main.cpp */; };
		C4B99B3F1A885F9D008500B9 /* GLUT.framework in Frameworks */ = {isa = PBXBuildFile; fileRef = C4B99B3E1A885F9D008500B9 /* GLUT.framework */; };
		C4B99B431A8862C5008500B9 /* GLUTWrapper.cpp in Sources */ = {isa = PBXBuildFile; fileRef = C4B99B421A8862C5008500B9 /* GLUTWrapper.cpp */; settings = {COMPILER_FLAGS = " -Wno-deprecated-declarations"; }; };
		C4B99B461A8873DE008500B9 /* OffsceenSurface.cpp in Sources */ = {isa = PBXBuildFile; fileRef = C4B99B441A8873DE008500B9 /* OffsceenSurface.cpp */; };
		C4B99B4B1A8A54DA008500B9 /* OpenGL.framework in Frameworks */ = {isa = PBXBuildFile; fileRef = C4B99B4A1A8A54DA008500B9 /* OpenGL.framework */; };
/* End PBXBuildFile section */

/* Begin PBXCopyFilesBuildPhase section */
		C4B99B321A885F77008500B9 /* CopyFiles */ = {
			isa = PBXCopyFilesBuildPhase;
			buildActionMask = 2147483647;
			dstPath = /usr/share/man/man1/;
			dstSubfolderSpec = 0;
			files = (
			);
			runOnlyForDeploymentPostprocessing = 1;
		};
/* End PBXCopyFilesBuildPhase section */

/* Begin PBXFileReference section */
		C4B99B341A885F77008500B9 /* Mandelbrot */ = {isa = PBXFileReference; explicitFileType = "compiled.mach-o.executable"; includeInIndex = 0; path = Mandelbrot; sourceTree = BUILT_PRODUCTS_DIR; };
		C4B99B371A885F77008500B9 /* main.cpp */ = {isa = PBXFileReference; lastKnownFileType = sourcecode.cpp.cpp; path = main.cpp; sourceTree = "<group>"; };
		C4B99B3E1A885F9D008500B9 /* GLUT.framework */ = {isa = PBXFileReference; lastKnownFileType = wrapper.framework; name = GLUT.framework; path = System/Library/Frameworks/GLUT.framework; sourceTree = SDKROOT; };
		C4B99B401A885FB9008500B9 /* complex.h */ = {isa = PBXFileReference; lastKnownFileType = sourcecode.c.h; path = complex.h; sourceTree = "<group>"; };
		C4B99B411A88628E008500B9 /* GLUTWrapper.h */ = {isa = PBXFileReference; lastKnownFileType = sourcecode.c.h; path = GLUTWrapper.h; sourceTree = "<group>"; };
		C4B99B421A8862C5008500B9 /* GLUTWrapper.cpp */ = {isa = PBXFileReference; fileEncoding = 4; lastKnownFileType = sourcecode.cpp.cpp; path = GLUTWrapper.cpp; sourceTree = "<group>"; };
		C4B99B441A8873DE008500B9 /* OffsceenSurface.cpp */ = {isa = PBXFileReference; fileEncoding = 4; lastKnownFileType = sourcecode.cpp.cpp; path = OffsceenSurface.cpp; sourceTree = "<group>"; };
		C4B99B451A8873DE008500B9 /* OffsceenSurface.h */ = {isa = PBXFileReference; fileEncoding = 4; lastKnownFileType = sourcecode.c.h; path = OffsceenSurface.h; sourceTree = "<group>"; };
		C4B99B481A89C56C008500B9 /* EscapeTimeRenderer.h */ = {isa = PBXFileReference; fileEncoding = 4; lastKnownFileType = sourcecode.c.h; path = EscapeTimeRenderer.h; sourceTree = "<group>"; };
		C4B99B4A1A8A54DA008500B9 /* OpenGL.framework */ = {isa = PBXFileReference; lastKnownFileType = wrapper.framework; name = OpenGL.framework; path = System/Library/Frameworks/OpenGL.framework; sourceTree = SDKROOT; };
/* End PBXFileReference section */

/* Begin PBXFrameworksBuildPhase section */
		C4B99B311A885F77008500B9 /* Frameworks */ = {
			isa = PBXFrameworksBuildPhase;
			buildActionMask = 2147483647;
			files = (
				C4B99B4B1A8A54DA008500B9 /* OpenGL.framework in Frameworks */,
				C4B99B3F1A885F9D008500B9 /* GLUT.framework in Frameworks */,
			);
			runOnlyForDeploymentPostprocessing = 0;
		};
/* End PBXFrameworksBuildPhase section */

/* Begin PBXGroup section */
		C4B99B2B1A885F77008500B9 = {
			isa = PBXGroup;
			children = (
				C4B99B4A1A8A54DA008500B9 /* OpenGL.framework */,
				C4B99B3E1A885F9D008500B9 /* GLUT.framework */,
				C4B99B361A885F77008500B9 /* Mandelbrot */,
				C4B99B351A885F77008500B9 /* Products */,
			);
			sourceTree = "<group>";
		};
		C4B99B351A885F77008500B9 /* Products */ = {
			isa = PBXGroup;
			children = (
				C4B99B341A885F77008500B9 /* Mandelbrot */,
			);
			name = Products;
			sourceTree = "<group>";
		};
		C4B99B361A885F77008500B9 /* Mandelbrot */ = {
			isa = PBXGroup;
			children = (
				C4B99B371A885F77008500B9 /* main.cpp */,
				C4B99B441A8873DE008500B9 /* OffsceenSurface.cpp */,
				C4B99B451A8873DE008500B9 /* OffsceenSurface.h */,
				C4B99B411A88628E008500B9 /* GLUTWrapper.h */,
				C4B99B421A8862C5008500B9 /* GLUTWrapper.cpp */,
				C4B99B481A89C56C008500B9 /* EscapeTimeRenderer.h */,
				C4B99B401A885FB9008500B9 /* complex.h */,
			);
			path = Mandelbrot;
			sourceTree = "<group>";
		};
/* End PBXGroup section */

/* Begin PBXNativeTarget section */
		C4B99B331A885F77008500B9 /* Mandelbrot */ = {
			isa = PBXNativeTarget;
			buildConfigurationList = C4B99B3B1A885F77008500B9 /* Build configuration list for PBXNativeTarget "Mandelbrot" */;
			buildPhases = (
				C4B99B301A885F77008500B9 /* Sources */,
				C4B99B311A885F77008500B9 /* Frameworks */,
				C4B99B321A885F77008500B9 /* CopyFiles */,
			);
			buildRules = (
			);
			dependencies = (
			);
			name = Mandelbrot;
			productName = Mandelbrot;
			productReference = C4B99B341A885F77008500B9 /* Mandelbrot */;
			productType = "com.apple.product-type.tool";
		};
/* End PBXNativeTarget section */

/* Begin PBXProject section */
		C4B99B2C1A885F77008500B9 /* Project object */ = {
			isa = PBXProject;
			attributes = {
				LastUpgradeCheck = 0610;
				ORGANIZATIONNAME = Home;
				TargetAttributes = {
					C4B99B331A885F77008500B9 = {
						CreatedOnToolsVersion = 6.1.1;
					};
				};
			};
			buildConfigurationList = C4B99B2F1A885F77008500B9 /* Build configuration list for PBXProject "Mandelbrot" */;
			compatibilityVersion = "Xcode 3.2";
			developmentRegion = English;
			hasScannedForEncodings = 0;
			knownRegions = (
				en,
			);
			mainGroup = C4B99B2B1A885F77008500B9;
			productRefGroup = C4B99B351A885F77008500B9 /* Products */;
			projectDirPath = "";
			projectRoot = "";
			targets = (
				C4B99B331A885F77008500B9 /* Mandelbrot */,
			);
		};
/* End PBXProject section */

/* Begin PBXSourcesBuildPhase section */
		C4B99B301A885F77008500B9 /* Sources */ = {
			isa = PBXSourcesBuildPhase;
			buildActionMask = 2147483647;
			files = (
				C4B99B381A885F77008500B9 /* main.cpp in Sources */,
				C4B99B461A8873DE008500B9 /* OffsceenSurface.cpp in Sources */,
				C4B99B431A8862C5008500B9 /* GLUTWrapper.cpp in Sources */,
			);
			runOnlyForDeploymentPostprocessing = 0;
		};
/* End PBXSourcesBuildPhase section */

/* Begin XCBuildConfiguration section */
		C4B99B391A885F77008500B9 /* Debug */ = {
			isa = XCBuildConfiguration;
			buildSettings = {
				ALWAYS_SEARCH_USER_PATHS = NO;
				CLANG_CXX_LANGUAGE_STANDARD = "gnu++0x";
				CLANG_CXX_LIBRARY = "libc++";
				CLANG_ENABLE_MODULES = YES;
				CLANG_ENABLE_OBJC_ARC = YES;
				CLANG_WARN_BOOL_CONVERSION = YES;
				CLANG_WARN_CONSTANT_CONVERSION = YES;
				CLANG_WARN_DIRECT_OBJC_ISA_USAGE = YES_ERROR;
				CLANG_WARN_EMPTY_BODY = YES;
				CLANG_WARN_ENUM_CONVERSION = YES;
				CLANG_WARN_INT_CONVERSION = YES;
				CLANG_WARN_OBJC_ROOT_CLASS = YES_ERROR;
				CLANG_WARN_UNREACHABLE_CODE = YES;
				CLANG_WARN__DUPLICATE_METHOD_MATCH = YES;
				COPY_PHASE_STRIP = NO;
				ENABLE_STRICT_OBJC_MSGSEND = YES;
				GCC_C_LANGUAGE_STANDARD = gnu99;
				GCC_DYNAMIC_NO_PIC = NO;
				GCC_OPTIMIZATION_LEVEL = 0;
				GCC_PREPROCESSOR_DEFINITIONS = (
					"DEBUG=1",
					"$(inherited)",
				);
				GCC_SYMBOLS_PRIVATE_EXTERN = NO;
				GCC_WARN_64_TO_32_BIT_CONVERSION = YES;
				GCC_WARN_ABOUT_RETURN_TYPE = YES_ERROR;
				GCC_WARN_UNDECLARED_SELECTOR = YES;
				GCC_WARN_UNINITIALIZED_AUTOS = YES_AGGRESSIVE;
				GCC_WARN_UNUSED_FUNCTION = YES;
				GCC_WARN_UNUSED_VARIABLE = YES;
				MACOSX_DEPLOYMENT_TARGET = 10.10;
				MTL_ENABLE_DEBUG_INFO = YES;
				ONLY_ACTIVE_ARCH = YES;
				SDKROOT = macosx;
			};
			name = Debug;
		};
		C4B99B3A1A885F77008500B9 /* Release */ = {
			isa = XCBuildConfiguration;
			buildSettings = {
				ALWAYS_SEARCH_USER_PATHS = NO;
				CLANG_CXX_LANGUAGE_STANDARD = "gnu++0x";
				CLANG_CXX_LIBRARY = "libc++";
				CLANG_ENABLE_MODULES = YES;
				CLANG_ENABLE_OBJC_ARC = YES;
				CLANG_WARN_BOOL_CONVERSION = YES;
				CLANG_WARN_CONSTANT_CONVERSION = YES;
				CLANG_WARN_DIRECT_OBJC_ISA_USAGE = YES_ERROR;
				CLANG_WARN_EMPTY_BODY = YES;
				CLANG_WARN_ENUM_CONVERSION = YES;
				CLANG_WARN_INT_CONVERSION = YES;
				CLANG_WARN_OBJC_ROOT_CLASS = YES_ERROR;
				CLANG_WARN_UNREACHABLE_CODE = YES;
				CLANG_WARN__DUPLICATE_METHOD_MATCH = YES;
				COPY_PHASE_STRIP = YES;
				DEBUG_INFORMATION_FORMAT = "dwarf-with-dsym";
				ENABLE_NS_ASSERTIONS = NO;
				ENABLE_STRICT_OBJC_MSGSEND = YES;
				GCC_C_LANGUAGE_STANDARD = gnu99;
				GCC_WARN_64_TO_32_BIT_CONVERSION = YES;
				GCC_WARN_ABOUT_RETURN_TYPE = YES_ERROR;
				GCC_WARN_UNDECLARED_SELECTOR = YES;
				GCC_WARN_UNINITIALIZED_AUTOS = YES_AGGRESSIVE;
				GCC_WARN_UNUSED_FUNCTION = YES;
				GCC_WARN_UNUSED_VARIABLE = YES;
				MACOSX_DEPLOYMENT_TARGET = 10.10;
				MTL_ENABLE_DEBUG_INFO = NO;
				SDKROOT = macosx;
			};
			name = Release;
		};
		C4B99B3C1A885F77008500B9 /* Debug */ = {
			isa = XCBuildConfiguration;
			buildSettings = {
				PRODUCT_NAME = "$(TARGET_NAME)";
			};
			name = Debug;
		};
		C4B99B3D1A885F77008500B9 /* Release */ = {
			isa = XCBuildConfiguration;
			buildSettings = {
				PRODUCT_NAME = "$(TARGET_NAME)";
			};
			name = Release;
		};
/* End XCBuildConfiguration section */

/* Begin XCConfigurationList section */
		C4B99B2F1A885F77008500B9 /* Build configuration list for PBXProject "Mandelbrot" */ = {
			isa = XCConfigurationList;
			buildConfigurations = (
				C4B99B391A885F77008500B9 /* Debug */,
				C4B99B3A1A885F77008500B9 /* Release */,
			);
			defaultConfigurationIsVisible = 0;
			defaultConfigurationName = Release;
		};
		C4B99B3B1A885F77008500B9 /* Build configuration list for PBXNativeTarget "Mandelbrot" */ = {
			isa = XCConfigurationList;
			buildConfigurations = (
				C4B99B3C1A885F77008500B9 /* Debug */,
				C4B99B3D1A885F77008500B9 /* Release */,
			);
			defaultConfigurationIsVisible = 0;
		};
/* End XCConfigurationList section */
	};
	rootObject = C4B99B2C1A885F77008500B9 /* Project object */;
}
